{
  "name": "firebase-test",
  "lockfileVersion": 2,
  "requires": true,
  "packages": {
    "": {
      "devDependencies": {
        "nanoid": "^4.0.0",
        "replicache": "^11.2.0",
        "zod": "^3.19.1"
      }
    },
    "node_modules/nanoid": {
      "version": "4.0.0",
      "resolved": "https://registry.npmjs.org/nanoid/-/nanoid-4.0.0.tgz",
      "integrity": "sha512-IgBP8piMxe/gf73RTQx7hmnhwz0aaEXYakvqZyE302IXW3HyVNhdNGC+O2MwMAVhLEnvXlvKtGbtJf6wvHihCg==",
      "dev": true,
      "bin": {
        "nanoid": "bin/nanoid.js"
      },
      "engines": {
        "node": "^14 || ^16 || >=18"
      }
    },
    "node_modules/replicache": {
      "version": "11.2.0",
      "resolved": "https://registry.npmjs.org/replicache/-/replicache-11.2.0.tgz",
      "integrity": "sha512-LK2wv3OIxNzAe4JNePC8mj9u4jC3+piSfxRTd/e+gTS7xSoSrI7eo5lDrFbS0NLgpD3nT8OoitIJUyE0wlLZ9g==",
      "dev": true,
      "bin": {
        "replicache": "out/cli.cjs"
      },
      "engines": {
        "node": ">=14.8.0"
      }
    },
    "node_modules/zod": {
      "version": "3.19.1",
      "resolved": "https://registry.npmjs.org/zod/-/zod-3.19.1.tgz",
      "integrity": "sha512-LYjZsEDhCdYET9ikFu6dVPGp2YH9DegXjdJToSzD9rO6fy4qiRYFoyEYwps88OseJlPyl2NOe2iJuhEhL7IpEA==",
      "dev": true,
      "funding": {
        "url": "https://github.com/sponsors/colinhacks"
      }
    }
  },
  "dependencies": {
    "nanoid": {
      "version": "4.0.0",
      "resolved": "https://registry.npmjs.org/nanoid/-/nanoid-4.0.0.tgz",
      "integrity": "sha512-IgBP8piMxe/gf73RTQx7hmnhwz0aaEXYakvqZyE302IXW3HyVNhdNGC+O2MwMAVhLEnvXlvKtGbtJf6wvHihCg==",
      "dev": true
    },
    "replicache": {
      "version": "11.2.0",
      "resolved": "https://registry.npmjs.org/replicache/-/replicache-11.2.0.tgz",
      "integrity": "sha512-LK2wv3OIxNzAe4JNePC8mj9u4jC3+piSfxRTd/e+gTS7xSoSrI7eo5lDrFbS0NLgpD3nT8OoitIJUyE0wlLZ9g==",
      "dev": true
    },
    "zod": {
      "version": "3.19.1",
      "resolved": "https://registry.npmjs.org/zod/-/zod-3.19.1.tgz",
      "integrity": "sha512-LYjZsEDhCdYET9ikFu6dVPGp2YH9DegXjdJToSzD9rO6fy4qiRYFoyEYwps88OseJlPyl2NOe2iJuhEhL7IpEA==",
      "dev": true
    }
  }
}
